
Microsoft Visual Studio Solution File, Format Version 12.00
# Visual Studio Version 17
VisualStudioVersion = 17.1.32210.238
MinimumVisualStudioVersion = 10.0.40219.1
Project("{9A19103F-16F7-4668-BE54-9A1E7A4F7556}") = "ServiceApp", "ServiceApp\ServiceApp.csproj", "{BB036B69-2749-4B06-8A73-E889BEE6C50B}"
EndProject
Project("{9A19103F-16F7-4668-BE54-9A1E7A4F7556}") = "ServiceApp.Models", "ServiceApp.Models\ServiceApp.Models.csproj", "{B59A210E-96A1-4FE8-8010-50FBA4547526}"
EndProject
Project("{9A19103F-16F7-4668-BE54-9A1E7A4F7556}") = "ServiceApp.API", "ServiceApp.API\ServiceApp.API.csproj", "{503DB059-06E4-41DC-B6C1-F824B954343E}"
EndProject
Project("{9A19103F-16F7-4668-BE54-9A1E7A4F7556}") = "ServiceApp.ApiClient", "ServiceApp.ApiClient\ServiceApp.ApiClient.csproj", "{A487A168-A356-4E60-8C37-2157CBAFE46E}"
EndProject
Project("{FAE04EC0-301F-11D3-BF4B-00C04F79EFBC}") = "ServiceAPP.Tests", "ServiceAPP.Tests\ServiceAPP.Tests.csproj", "{9428B3E5-5B9E-427C-A3A6-CA9CF79B003F}"
EndProject
Global
	GlobalSection(SolutionConfigurationPlatforms) = preSolution
		Debug|Any CPU = Debug|Any CPU
		Release|Any CPU = Release|Any CPU
	EndGlobalSection
	GlobalSection(ProjectConfigurationPlatforms) = postSolution
		{BB036B69-2749-4B06-8A73-E889BEE6C50B}.Debug|Any CPU.ActiveCfg = Debug|Any CPU
		{BB036B69-2749-4B06-8A73-E889BEE6C50B}.Debug|Any CPU.Build.0 = Debug|Any CPU
		{BB036B69-2749-4B06-8A73-E889BEE6C50B}.Release|Any CPU.ActiveCfg = Release|Any CPU
		{BB036B69-2749-4B06-8A73-E889BEE6C50B}.Release|Any CPU.Build.0 = Release|Any CPU
		{B59A210E-96A1-4FE8-8010-50FBA4547526}.Debug|Any CPU.ActiveCfg = Debug|Any CPU
		{B59A210E-96A1-4FE8-8010-50FBA4547526}.Debug|Any CPU.Build.0 = Debug|Any CPU
		{B59A210E-96A1-4FE8-8010-50FBA4547526}.Release|Any CPU.ActiveCfg = Release|Any CPU
		{B59A210E-96A1-4FE8-8010-50FBA4547526}.Release|Any CPU.Build.0 = Release|Any CPU
		{503DB059-06E4-41DC-B6C1-F824B954343E}.Debug|Any CPU.ActiveCfg = Debug|Any CPU
		{503DB059-06E4-41DC-B6C1-F824B954343E}.Debug|Any CPU.Build.0 = Debug|Any CPU
		{503DB059-06E4-41DC-B6C1-F824B954343E}.Release|Any CPU.ActiveCfg = Release|Any CPU
		{503DB059-06E4-41DC-B6C1-F824B954343E}.Release|Any CPU.Build.0 = Release|Any CPU
		{A487A168-A356-4E60-8C37-2157CBAFE46E}.Debug|Any CPU.ActiveCfg = Debug|Any CPU
		{A487A168-A356-4E60-8C37-2157CBAFE46E}.Debug|Any CPU.Build.0 = Debug|Any CPU
		{A487A168-A356-4E60-8C37-2157CBAFE46E}.Release|Any CPU.ActiveCfg = Release|Any CPU
		{A487A168-A356-4E60-8C37-2157CBAFE46E}.Release|Any CPU.Build.0 = Release|Any CPU
		{9428B3E5-5B9E-427C-A3A6-CA9CF79B003F}.Debug|Any CPU.ActiveCfg = Debug|Any CPU
		{9428B3E5-5B9E-427C-A3A6-CA9CF79B003F}.Debug|Any CPU.Build.0 = Debug|Any CPU
		{9428B3E5-5B9E-427C-A3A6-CA9CF79B003F}.Release|Any CPU.ActiveCfg = Release|Any CPU
		{9428B3E5-5B9E-427C-A3A6-CA9CF79B003F}.Release|Any CPU.Build.0 = Release|Any CPU
	EndGlobalSection
	GlobalSection(SolutionProperties) = preSolution
		HideSolutionNode = FALSE
	EndGlobalSection
	GlobalSection(ExtensibilityGlobals) = postSolution
		SolutionGuid = {63A45205-BFC8-416E-A910-678D17A9FEAF}
	EndGlobalSection
EndGlobal
